// !$*UTF8*$!
{
	archiveVersion = 1;
	classes = {
	};
	objectVersion = 50;
	objects = {

/* Begin PBXBuildFile section */
		F8D7FDAA25386FDE008073C5 /* AppDelegate.swift in Sources */ = {isa = PBXBuildFile; fileRef = F8D7FDA925386FDE008073C5 /* AppDelegate.swift */; };
		F8D7FDAC25386FDE008073C5 /* SceneDelegate.swift in Sources */ = {isa = PBXBuildFile; fileRef = F8D7FDAB25386FDE008073C5 /* SceneDelegate.swift */; };
		F8D7FDAE25386FDE008073C5 /* LoginViewController.swift in Sources */ = {isa = PBXBuildFile; fileRef = F8D7FDAD25386FDE008073C5 /* LoginViewController.swift */; };
		F8D7FDB125386FDE008073C5 /* Login.storyboard in Resources */ = {isa = PBXBuildFile; fileRef = F8D7FDAF25386FDE008073C5 /* Login.storyboard */; };
		F8D7FDB325386FE0008073C5 /* Assets.xcassets in Resources */ = {isa = PBXBuildFile; fileRef = F8D7FDB225386FE0008073C5 /* Assets.xcassets */; };
		F8D7FDB625386FE0008073C5 /* LaunchScreen.storyboard in Resources */ = {isa = PBXBuildFile; fileRef = F8D7FDB425386FE0008073C5 /* LaunchScreen.storyboard */; };
		F8D7FDC125386FE0008073C5 /* TaxTestClientTests.swift in Sources */ = {isa = PBXBuildFile; fileRef = F8D7FDC025386FE0008073C5 /* TaxTestClientTests.swift */; };
		F8D7FDCC25386FE0008073C5 /* TaxTestClientUITests.swift in Sources */ = {isa = PBXBuildFile; fileRef = F8D7FDCB25386FE0008073C5 /* TaxTestClientUITests.swift */; };
		F8D7FDEE25387182008073C5 /* EndPointType.swift in Sources */ = {isa = PBXBuildFile; fileRef = F8D7FDED25387182008073C5 /* EndPointType.swift */; };
		F8D7FDF6253872A4008073C5 /* HTTPMethod.swift in Sources */ = {isa = PBXBuildFile; fileRef = F8D7FDF5253872A4008073C5 /* HTTPMethod.swift */; };
		F8D7FDFD25387339008073C5 /* TaxEndpointType.swift in Sources */ = {isa = PBXBuildFile; fileRef = F8D7FDFC25387339008073C5 /* TaxEndpointType.swift */; };
		F8D7FE05253873E3008073C5 /* LoginUser.swift in Sources */ = {isa = PBXBuildFile; fileRef = F8D7FE04253873E3008073C5 /* LoginUser.swift */; };
		F8D7FE1C253985AA008073C5 /* NetworkManager.swift in Sources */ = {isa = PBXBuildFile; fileRef = F8D7FE1B253985AA008073C5 /* NetworkManager.swift */; };
		F8D7FE2125398B8D008073C5 /* EndPointTests.swift in Sources */ = {isa = PBXBuildFile; fileRef = F8D7FE2025398B8D008073C5 /* EndPointTests.swift */; };
		F8D7FE292539D36A008073C5 /* NetworkManagerTest.swift in Sources */ = {isa = PBXBuildFile; fileRef = F8D7FE282539D36A008073C5 /* NetworkManagerTest.swift */; };
		F8D7FE38253A0988008073C5 /* Storyboard.swift in Sources */ = {isa = PBXBuildFile; fileRef = F8D7FE37253A0988008073C5 /* Storyboard.swift */; };
		F8D7FE3E253A0A06008073C5 /* UIStoryboard+Extension.swift in Sources */ = {isa = PBXBuildFile; fileRef = F8D7FE3D253A0A06008073C5 /* UIStoryboard+Extension.swift */; };
		F8D7FE4A253A0B10008073C5 /* StoryboardIdentifiable.swift in Sources */ = {isa = PBXBuildFile; fileRef = F8D7FE49253A0B10008073C5 /* StoryboardIdentifiable.swift */; };
		F8D7FE52253A0B77008073C5 /* Coordinator.swift in Sources */ = {isa = PBXBuildFile; fileRef = F8D7FE51253A0B77008073C5 /* Coordinator.swift */; };
		F8D7FE57253A0C00008073C5 /* MainCoordinator.swift in Sources */ = {isa = PBXBuildFile; fileRef = F8D7FE56253A0C00008073C5 /* MainCoordinator.swift */; };
		F8D7FE5C253A0DA5008073C5 /* UIViewController+StoryboardIdentifiable.swift in Sources */ = {isa = PBXBuildFile; fileRef = F8D7FE5B253A0DA5008073C5 /* UIViewController+StoryboardIdentifiable.swift */; };
/* End PBXBuildFile section */

/* Begin PBXContainerItemProxy section */
		F8D7FDBD25386FE0008073C5 /* PBXContainerItemProxy */ = {
			isa = PBXContainerItemProxy;
			containerPortal = F8D7FD9E25386FDE008073C5 /* Project object */;
			proxyType = 1;
			remoteGlobalIDString = F8D7FDA525386FDE008073C5;
			remoteInfo = TaxTestClient;
		};
		F8D7FDC825386FE0008073C5 /* PBXContainerItemProxy */ = {
			isa = PBXContainerItemProxy;
			containerPortal = F8D7FD9E25386FDE008073C5 /* Project object */;
			proxyType = 1;
			remoteGlobalIDString = F8D7FDA525386FDE008073C5;
			remoteInfo = TaxTestClient;
		};
/* End PBXContainerItemProxy section */

/* Begin PBXFileReference section */
		F8D7FDA625386FDE008073C5 /* TaxTestClient.app */ = {isa = PBXFileReference; explicitFileType = wrapper.application; includeInIndex = 0; path = TaxTestClient.app; sourceTree = BUILT_PRODUCTS_DIR; };
		F8D7FDA925386FDE008073C5 /* AppDelegate.swift */ = {isa = PBXFileReference; lastKnownFileType = sourcecode.swift; path = AppDelegate.swift; sourceTree = "<group>"; };
		F8D7FDAB25386FDE008073C5 /* SceneDelegate.swift */ = {isa = PBXFileReference; lastKnownFileType = sourcecode.swift; path = SceneDelegate.swift; sourceTree = "<group>"; };
		F8D7FDAD25386FDE008073C5 /* LoginViewController.swift */ = {isa = PBXFileReference; lastKnownFileType = sourcecode.swift; path = LoginViewController.swift; sourceTree = "<group>"; };
		F8D7FDB025386FDE008073C5 /* Base */ = {isa = PBXFileReference; lastKnownFileType = file.storyboard; name = Base; path = Base.lproj/Login.storyboard; sourceTree = "<group>"; };
		F8D7FDB225386FE0008073C5 /* Assets.xcassets */ = {isa = PBXFileReference; lastKnownFileType = folder.assetcatalog; path = Assets.xcassets; sourceTree = "<group>"; };
		F8D7FDB525386FE0008073C5 /* Base */ = {isa = PBXFileReference; lastKnownFileType = file.storyboard; name = Base; path = Base.lproj/LaunchScreen.storyboard; sourceTree = "<group>"; };
		F8D7FDB725386FE0008073C5 /* Info.plist */ = {isa = PBXFileReference; lastKnownFileType = text.plist.xml; path = Info.plist; sourceTree = "<group>"; };
		F8D7FDBC25386FE0008073C5 /* TaxTestClientTests.xctest */ = {isa = PBXFileReference; explicitFileType = wrapper.cfbundle; includeInIndex = 0; path = TaxTestClientTests.xctest; sourceTree = BUILT_PRODUCTS_DIR; };
		F8D7FDC025386FE0008073C5 /* TaxTestClientTests.swift */ = {isa = PBXFileReference; lastKnownFileType = sourcecode.swift; path = TaxTestClientTests.swift; sourceTree = "<group>"; };
		F8D7FDC225386FE0008073C5 /* Info.plist */ = {isa = PBXFileReference; lastKnownFileType = text.plist.xml; path = Info.plist; sourceTree = "<group>"; };
		F8D7FDC725386FE0008073C5 /* TaxTestClientUITests.xctest */ = {isa = PBXFileReference; explicitFileType = wrapper.cfbundle; includeInIndex = 0; path = TaxTestClientUITests.xctest; sourceTree = BUILT_PRODUCTS_DIR; };
		F8D7FDCB25386FE0008073C5 /* TaxTestClientUITests.swift */ = {isa = PBXFileReference; lastKnownFileType = sourcecode.swift; path = TaxTestClientUITests.swift; sourceTree = "<group>"; };
		F8D7FDCD25386FE0008073C5 /* Info.plist */ = {isa = PBXFileReference; lastKnownFileType = text.plist.xml; path = Info.plist; sourceTree = "<group>"; };
		F8D7FDED25387182008073C5 /* EndPointType.swift */ = {isa = PBXFileReference; lastKnownFileType = sourcecode.swift; path = EndPointType.swift; sourceTree = "<group>"; };
		F8D7FDF5253872A4008073C5 /* HTTPMethod.swift */ = {isa = PBXFileReference; lastKnownFileType = sourcecode.swift; path = HTTPMethod.swift; sourceTree = "<group>"; };
		F8D7FDFC25387339008073C5 /* TaxEndpointType.swift */ = {isa = PBXFileReference; lastKnownFileType = sourcecode.swift; path = TaxEndpointType.swift; sourceTree = "<group>"; };
		F8D7FE04253873E3008073C5 /* LoginUser.swift */ = {isa = PBXFileReference; lastKnownFileType = sourcecode.swift; path = LoginUser.swift; sourceTree = "<group>"; };
		F8D7FE1B253985AA008073C5 /* NetworkManager.swift */ = {isa = PBXFileReference; lastKnownFileType = sourcecode.swift; path = NetworkManager.swift; sourceTree = "<group>"; };
		F8D7FE2025398B8D008073C5 /* EndPointTests.swift */ = {isa = PBXFileReference; lastKnownFileType = sourcecode.swift; path = EndPointTests.swift; sourceTree = "<group>"; };
		F8D7FE282539D36A008073C5 /* NetworkManagerTest.swift */ = {isa = PBXFileReference; lastKnownFileType = sourcecode.swift; path = NetworkManagerTest.swift; sourceTree = "<group>"; };
		F8D7FE37253A0988008073C5 /* Storyboard.swift */ = {isa = PBXFileReference; lastKnownFileType = sourcecode.swift; path = Storyboard.swift; sourceTree = "<group>"; };
		F8D7FE3D253A0A06008073C5 /* UIStoryboard+Extension.swift */ = {isa = PBXFileReference; lastKnownFileType = sourcecode.swift; path = "UIStoryboard+Extension.swift"; sourceTree = "<group>"; };
		F8D7FE49253A0B10008073C5 /* StoryboardIdentifiable.swift */ = {isa = PBXFileReference; lastKnownFileType = sourcecode.swift; path = StoryboardIdentifiable.swift; sourceTree = "<group>"; };
		F8D7FE51253A0B77008073C5 /* Coordinator.swift */ = {isa = PBXFileReference; lastKnownFileType = sourcecode.swift; path = Coordinator.swift; sourceTree = "<group>"; };
		F8D7FE56253A0C00008073C5 /* MainCoordinator.swift */ = {isa = PBXFileReference; lastKnownFileType = sourcecode.swift; path = MainCoordinator.swift; sourceTree = "<group>"; };
		F8D7FE5B253A0DA5008073C5 /* UIViewController+StoryboardIdentifiable.swift */ = {isa = PBXFileReference; lastKnownFileType = sourcecode.swift; path = "UIViewController+StoryboardIdentifiable.swift"; sourceTree = "<group>"; };
/* End PBXFileReference section */

/* Begin PBXFrameworksBuildPhase section */
		F8D7FDA325386FDE008073C5 /* Frameworks */ = {
			isa = PBXFrameworksBuildPhase;
			buildActionMask = 2147483647;
			files = (
			);
			runOnlyForDeploymentPostprocessing = 0;
		};
		F8D7FDB925386FE0008073C5 /* Frameworks */ = {
			isa = PBXFrameworksBuildPhase;
			buildActionMask = 2147483647;
			files = (
			);
			runOnlyForDeploymentPostprocessing = 0;
		};
		F8D7FDC425386FE0008073C5 /* Frameworks */ = {
			isa = PBXFrameworksBuildPhase;
			buildActionMask = 2147483647;
			files = (
			);
			runOnlyForDeploymentPostprocessing = 0;
		};
/* End PBXFrameworksBuildPhase section */

/* Begin PBXGroup section */
		F8D7FD9D25386FDE008073C5 = {
			isa = PBXGroup;
			children = (
				F8D7FDA825386FDE008073C5 /* TaxTestClient */,
				F8D7FDBF25386FE0008073C5 /* TaxTestClientTests */,
				F8D7FDCA25386FE0008073C5 /* TaxTestClientUITests */,
				F8D7FDA725386FDE008073C5 /* Products */,
			);
			sourceTree = "<group>";
		};
		F8D7FDA725386FDE008073C5 /* Products */ = {
			isa = PBXGroup;
			children = (
				F8D7FDA625386FDE008073C5 /* TaxTestClient.app */,
				F8D7FDBC25386FE0008073C5 /* TaxTestClientTests.xctest */,
				F8D7FDC725386FE0008073C5 /* TaxTestClientUITests.xctest */,
			);
			name = Products;
			sourceTree = "<group>";
		};
		F8D7FDA825386FDE008073C5 /* TaxTestClient */ = {
			isa = PBXGroup;
			children = (
				F8D7FE48253A0AF5008073C5 /* Protocol */,
				F8D7FE3C253A09E0008073C5 /* Extension */,
				F8D7FDE42538702C008073C5 /* Assets */,
				F8D7FDE325387012008073C5 /* Scene */,
				F8D7FDE22538700A008073C5 /* Controller */,
				F8D7FDE125387000008073C5 /* Model */,
				F8D7FDE025386FF8008073C5 /* Networking */,
				F8D7FDDC25386FE7008073C5 /* Supporting Files */,
			);
			path = TaxTestClient;
			sourceTree = "<group>";
		};
		F8D7FDBF25386FE0008073C5 /* TaxTestClientTests */ = {
			isa = PBXGroup;
			children = (
				F8D7FDC025386FE0008073C5 /* TaxTestClientTests.swift */,
				F8D7FE2025398B8D008073C5 /* EndPointTests.swift */,
				F8D7FE282539D36A008073C5 /* NetworkManagerTest.swift */,
				F8D7FDC225386FE0008073C5 /* Info.plist */,
			);
			path = TaxTestClientTests;
			sourceTree = "<group>";
		};
		F8D7FDCA25386FE0008073C5 /* TaxTestClientUITests */ = {
			isa = PBXGroup;
			children = (
				F8D7FDCB25386FE0008073C5 /* TaxTestClientUITests.swift */,
				F8D7FDCD25386FE0008073C5 /* Info.plist */,
			);
			path = TaxTestClientUITests;
			sourceTree = "<group>";
		};
		F8D7FDDC25386FE7008073C5 /* Supporting Files */ = {
			isa = PBXGroup;
			children = (
				F8D7FDAB25386FDE008073C5 /* SceneDelegate.swift */,
				F8D7FDA925386FDE008073C5 /* AppDelegate.swift */,
				F8D7FDB725386FE0008073C5 /* Info.plist */,
			);
			path = "Supporting Files";
			sourceTree = "<group>";
		};
		F8D7FDE025386FF8008073C5 /* Networking */ = {
			isa = PBXGroup;
			children = (
				F8D7FDFA25387317008073C5 /* Endpoints */,
				F8D7FDEC25387166008073C5 /* Service */,
			);
			path = Networking;
			sourceTree = "<group>";
		};
		F8D7FDE125387000008073C5 /* Model */ = {
			isa = PBXGroup;
			children = (
			);
			path = Model;
			sourceTree = "<group>";
		};
		F8D7FDE22538700A008073C5 /* Controller */ = {
			isa = PBXGroup;
			children = (
			);
			path = Controller;
			sourceTree = "<group>";
		};
		F8D7FDE325387012008073C5 /* Scene */ = {
			isa = PBXGroup;
			children = (
				F8D7FE36253A08CB008073C5 /* Login */,
				F8D7FDB425386FE0008073C5 /* LaunchScreen.storyboard */,
				F8D7FE37253A0988008073C5 /* Storyboard.swift */,
				F8D7FE56253A0C00008073C5 /* MainCoordinator.swift */,
			);
			path = Scene;
			sourceTree = "<group>";
		};
		F8D7FDE42538702C008073C5 /* Assets */ = {
			isa = PBXGroup;
			children = (
				F8D7FDB225386FE0008073C5 /* Assets.xcassets */,
			);
			path = Assets;
			sourceTree = "<group>";
		};
		F8D7FDEC25387166008073C5 /* Service */ = {
			isa = PBXGroup;
			children = (
				F8D7FDED25387182008073C5 /* EndPointType.swift */,
				F8D7FDF5253872A4008073C5 /* HTTPMethod.swift */,
				F8D7FE1B253985AA008073C5 /* NetworkManager.swift */,
			);
			path = Service;
			sourceTree = "<group>";
		};
		F8D7FDFA25387317008073C5 /* Endpoints */ = {
			isa = PBXGroup;
			children = (
				F8D7FDFB2538731D008073C5 /* buhl */,
			);
			path = Endpoints;
			sourceTree = "<group>";
		};
		F8D7FDFB2538731D008073C5 /* buhl */ = {
			isa = PBXGroup;
			children = (
				F8D7FDFC25387339008073C5 /* TaxEndpointType.swift */,
				F8D7FE04253873E3008073C5 /* LoginUser.swift */,
			);
			path = buhl;
			sourceTree = "<group>";
		};
		F8D7FE36253A08CB008073C5 /* Login */ = {
			isa = PBXGroup;
			children = (
				F8D7FDAD25386FDE008073C5 /* LoginViewController.swift */,
				F8D7FDAF25386FDE008073C5 /* Login.storyboard */,
			);
			path = Login;
			sourceTree = "<group>";
		};
		F8D7FE3C253A09E0008073C5 /* Extension */ = {
			isa = PBXGroup;
			children = (
				F8D7FE3D253A0A06008073C5 /* UIStoryboard+Extension.swift */,
				F8D7FE5B253A0DA5008073C5 /* UIViewController+StoryboardIdentifiable.swift */,
			);
			path = Extension;
			sourceTree = "<group>";
		};
		F8D7FE48253A0AF5008073C5 /* Protocol */ = {
			isa = PBXGroup;
			children = (
				F8D7FE49253A0B10008073C5 /* StoryboardIdentifiable.swift */,
				F8D7FE51253A0B77008073C5 /* Coordinator.swift */,
			);
			path = Protocol;
			sourceTree = "<group>";
		};
/* End PBXGroup section */

/* Begin PBXNativeTarget section */
		F8D7FDA525386FDE008073C5 /* TaxTestClient */ = {
			isa = PBXNativeTarget;
			buildConfigurationList = F8D7FDD025386FE0008073C5 /* Build configuration list for PBXNativeTarget "TaxTestClient" */;
			buildPhases = (
				F8D7FDA225386FDE008073C5 /* Sources */,
				F8D7FDA325386FDE008073C5 /* Frameworks */,
				F8D7FDA425386FDE008073C5 /* Resources */,
			);
			buildRules = (
			);
			dependencies = (
			);
			name = TaxTestClient;
			productName = TaxTestClient;
			productReference = F8D7FDA625386FDE008073C5 /* TaxTestClient.app */;
			productType = "com.apple.product-type.application";
		};
		F8D7FDBB25386FE0008073C5 /* TaxTestClientTests */ = {
			isa = PBXNativeTarget;
			buildConfigurationList = F8D7FDD325386FE0008073C5 /* Build configuration list for PBXNativeTarget "TaxTestClientTests" */;
			buildPhases = (
				F8D7FDB825386FE0008073C5 /* Sources */,
				F8D7FDB925386FE0008073C5 /* Frameworks */,
				F8D7FDBA25386FE0008073C5 /* Resources */,
			);
			buildRules = (
			);
			dependencies = (
				F8D7FDBE25386FE0008073C5 /* PBXTargetDependency */,
			);
			name = TaxTestClientTests;
			productName = TaxTestClientTests;
			productReference = F8D7FDBC25386FE0008073C5 /* TaxTestClientTests.xctest */;
			productType = "com.apple.product-type.bundle.unit-test";
		};
		F8D7FDC625386FE0008073C5 /* TaxTestClientUITests */ = {
			isa = PBXNativeTarget;
			buildConfigurationList = F8D7FDD625386FE0008073C5 /* Build configuration list for PBXNativeTarget "TaxTestClientUITests" */;
			buildPhases = (
				F8D7FDC325386FE0008073C5 /* Sources */,
				F8D7FDC425386FE0008073C5 /* Frameworks */,
				F8D7FDC525386FE0008073C5 /* Resources */,
			);
			buildRules = (
			);
			dependencies = (
				F8D7FDC925386FE0008073C5 /* PBXTargetDependency */,
			);
			name = TaxTestClientUITests;
			productName = TaxTestClientUITests;
			productReference = F8D7FDC725386FE0008073C5 /* TaxTestClientUITests.xctest */;
			productType = "com.apple.product-type.bundle.ui-testing";
		};
/* End PBXNativeTarget section */

/* Begin PBXProject section */
		F8D7FD9E25386FDE008073C5 /* Project object */ = {
			isa = PBXProject;
			attributes = {
				LastSwiftUpdateCheck = 1200;
				LastUpgradeCheck = 1200;
				TargetAttributes = {
					F8D7FDA525386FDE008073C5 = {
						CreatedOnToolsVersion = 12.0;
					};
					F8D7FDBB25386FE0008073C5 = {
						CreatedOnToolsVersion = 12.0;
						TestTargetID = F8D7FDA525386FDE008073C5;
					};
					F8D7FDC625386FE0008073C5 = {
						CreatedOnToolsVersion = 12.0;
						TestTargetID = F8D7FDA525386FDE008073C5;
					};
				};
			};
			buildConfigurationList = F8D7FDA125386FDE008073C5 /* Build configuration list for PBXProject "TaxTestClient" */;
			compatibilityVersion = "Xcode 9.3";
			developmentRegion = en;
			hasScannedForEncodings = 0;
			knownRegions = (
				en,
				Base,
			);
			mainGroup = F8D7FD9D25386FDE008073C5;
			productRefGroup = F8D7FDA725386FDE008073C5 /* Products */;
			projectDirPath = "";
			projectRoot = "";
			targets = (
				F8D7FDA525386FDE008073C5 /* TaxTestClient */,
				F8D7FDBB25386FE0008073C5 /* TaxTestClientTests */,
				F8D7FDC625386FE0008073C5 /* TaxTestClientUITests */,
			);
		};
/* End PBXProject section */

/* Begin PBXResourcesBuildPhase section */
		F8D7FDA425386FDE008073C5 /* Resources */ = {
			isa = PBXResourcesBuildPhase;
			buildActionMask = 2147483647;
			files = (
				F8D7FDB625386FE0008073C5 /* LaunchScreen.storyboard in Resources */,
				F8D7FDB325386FE0008073C5 /* Assets.xcassets in Resources */,
				F8D7FDB125386FDE008073C5 /* Login.storyboard in Resources */,
			);
			runOnlyForDeploymentPostprocessing = 0;
		};
		F8D7FDBA25386FE0008073C5 /* Resources */ = {
			isa = PBXResourcesBuildPhase;
			buildActionMask = 2147483647;
			files = (
			);
			runOnlyForDeploymentPostprocessing = 0;
		};
		F8D7FDC525386FE0008073C5 /* Resources */ = {
			isa = PBXResourcesBuildPhase;
			buildActionMask = 2147483647;
			files = (
			);
			runOnlyForDeploymentPostprocessing = 0;
		};
/* End PBXResourcesBuildPhase section */

/* Begin PBXSourcesBuildPhase section */
		F8D7FDA225386FDE008073C5 /* Sources */ = {
			isa = PBXSourcesBuildPhase;
			buildActionMask = 2147483647;
			files = (
				F8D7FE05253873E3008073C5 /* LoginUser.swift in Sources */,
				F8D7FDEE25387182008073C5 /* EndPointType.swift in Sources */,
				F8D7FDAE25386FDE008073C5 /* LoginViewController.swift in Sources */,
				F8D7FDAA25386FDE008073C5 /* AppDelegate.swift in Sources */,
				F8D7FE1C253985AA008073C5 /* NetworkManager.swift in Sources */,
				F8D7FE5C253A0DA5008073C5 /* UIViewController+StoryboardIdentifiable.swift in Sources */,
				F8D7FDF6253872A4008073C5 /* HTTPMethod.swift in Sources */,
				F8D7FDFD25387339008073C5 /* TaxEndpointType.swift in Sources */,
				F8D7FE38253A0988008073C5 /* Storyboard.swift in Sources */,
				F8D7FE52253A0B77008073C5 /* Coordinator.swift in Sources */,
				F8D7FE4A253A0B10008073C5 /* StoryboardIdentifiable.swift in Sources */,
				F8D7FE57253A0C00008073C5 /* MainCoordinator.swift in Sources */,
				F8D7FE3E253A0A06008073C5 /* UIStoryboard+Extension.swift in Sources */,
				F8D7FDAC25386FDE008073C5 /* SceneDelegate.swift in Sources */,
			);
			runOnlyForDeploymentPostprocessing = 0;
		};
		F8D7FDB825386FE0008073C5 /* Sources */ = {
			isa = PBXSourcesBuildPhase;
			buildActionMask = 2147483647;
			files = (
				F8D7FE292539D36A008073C5 /* NetworkManagerTest.swift in Sources */,
				F8D7FE2125398B8D008073C5 /* EndPointTests.swift in Sources */,
				F8D7FDC125386FE0008073C5 /* TaxTestClientTests.swift in Sources */,
			);
			runOnlyForDeploymentPostprocessing = 0;
		};
		F8D7FDC325386FE0008073C5 /* Sources */ = {
			isa = PBXSourcesBuildPhase;
			buildActionMask = 2147483647;
			files = (
				F8D7FDCC25386FE0008073C5 /* TaxTestClientUITests.swift in Sources */,
			);
			runOnlyForDeploymentPostprocessing = 0;
		};
/* End PBXSourcesBuildPhase section */

/* Begin PBXTargetDependency section */
		F8D7FDBE25386FE0008073C5 /* PBXTargetDependency */ = {
			isa = PBXTargetDependency;
			target = F8D7FDA525386FDE008073C5 /* TaxTestClient */;
			targetProxy = F8D7FDBD25386FE0008073C5 /* PBXContainerItemProxy */;
		};
		F8D7FDC925386FE0008073C5 /* PBXTargetDependency */ = {
			isa = PBXTargetDependency;
			target = F8D7FDA525386FDE008073C5 /* TaxTestClient */;
			targetProxy = F8D7FDC825386FE0008073C5 /* PBXContainerItemProxy */;
		};
/* End PBXTargetDependency section */

/* Begin PBXVariantGroup section */
		F8D7FDAF25386FDE008073C5 /* Login.storyboard */ = {
			isa = PBXVariantGroup;
			children = (
				F8D7FDB025386FDE008073C5 /* Base */,
			);
			name = Login.storyboard;
			sourceTree = "<group>";
		};
		F8D7FDB425386FE0008073C5 /* LaunchScreen.storyboard */ = {
			isa = PBXVariantGroup;
			children = (
				F8D7FDB525386FE0008073C5 /* Base */,
			);
			name = LaunchScreen.storyboard;
			sourceTree = "<group>";
		};
/* End PBXVariantGroup section */

/* Begin XCBuildConfiguration section */
		F8D7FDCE25386FE0008073C5 /* Debug */ = {
			isa = XCBuildConfiguration;
			buildSettings = {
				ALWAYS_SEARCH_USER_PATHS = NO;
				CLANG_ANALYZER_NONNULL = YES;
				CLANG_ANALYZER_NUMBER_OBJECT_CONVERSION = YES_AGGRESSIVE;
				CLANG_CXX_LANGUAGE_STANDARD = "gnu++14";
				CLANG_CXX_LIBRARY = "libc++";
				CLANG_ENABLE_MODULES = YES;
				CLANG_ENABLE_OBJC_ARC = YES;
				CLANG_ENABLE_OBJC_WEAK = YES;
				CLANG_WARN_BLOCK_CAPTURE_AUTORELEASING = YES;
				CLANG_WARN_BOOL_CONVERSION = YES;
				CLANG_WARN_COMMA = YES;
				CLANG_WARN_CONSTANT_CONVERSION = YES;
				CLANG_WARN_DEPRECATED_OBJC_IMPLEMENTATIONS = YES;
				CLANG_WARN_DIRECT_OBJC_ISA_USAGE = YES_ERROR;
				CLANG_WARN_DOCUMENTATION_COMMENTS = YES;
				CLANG_WARN_EMPTY_BODY = YES;
				CLANG_WARN_ENUM_CONVERSION = YES;
				CLANG_WARN_INFINITE_RECURSION = YES;
				CLANG_WARN_INT_CONVERSION = YES;
				CLANG_WARN_NON_LITERAL_NULL_CONVERSION = YES;
				CLANG_WARN_OBJC_IMPLICIT_RETAIN_SELF = YES;
				CLANG_WARN_OBJC_LITERAL_CONVERSION = YES;
				CLANG_WARN_OBJC_ROOT_CLASS = YES_ERROR;
				CLANG_WARN_QUOTED_INCLUDE_IN_FRAMEWORK_HEADER = YES;
				CLANG_WARN_RANGE_LOOP_ANALYSIS = YES;
				CLANG_WARN_STRICT_PROTOTYPES = YES;
				CLANG_WARN_SUSPICIOUS_MOVE = YES;
				CLANG_WARN_UNGUARDED_AVAILABILITY = YES_AGGRESSIVE;
				CLANG_WARN_UNREACHABLE_CODE = YES;
				CLANG_WARN__DUPLICATE_METHOD_MATCH = YES;
				COPY_PHASE_STRIP = NO;
				DEBUG_INFORMATION_FORMAT = dwarf;
				ENABLE_STRICT_OBJC_MSGSEND = YES;
				ENABLE_TESTABILITY = YES;
				GCC_C_LANGUAGE_STANDARD = gnu11;
				GCC_DYNAMIC_NO_PIC = NO;
				GCC_NO_COMMON_BLOCKS = YES;
				GCC_OPTIMIZATION_LEVEL = 0;
				GCC_PREPROCESSOR_DEFINITIONS = (
					"DEBUG=1",
					"$(inherited)",
				);
				GCC_WARN_64_TO_32_BIT_CONVERSION = YES;
				GCC_WARN_ABOUT_RETURN_TYPE = YES_ERROR;
				GCC_WARN_UNDECLARED_SELECTOR = YES;
				GCC_WARN_UNINITIALIZED_AUTOS = YES_AGGRESSIVE;
				GCC_WARN_UNUSED_FUNCTION = YES;
				GCC_WARN_UNUSED_VARIABLE = YES;
				IPHONEOS_DEPLOYMENT_TARGET = 14.0;
				MTL_ENABLE_DEBUG_INFO = INCLUDE_SOURCE;
				MTL_FAST_MATH = YES;
				ONLY_ACTIVE_ARCH = YES;
				SDKROOT = iphoneos;
				SWIFT_ACTIVE_COMPILATION_CONDITIONS = DEBUG;
				SWIFT_OPTIMIZATION_LEVEL = "-Onone";
			};
			name = Debug;
		};
		F8D7FDCF25386FE0008073C5 /* Release */ = {
			isa = XCBuildConfiguration;
			buildSettings = {
				ALWAYS_SEARCH_USER_PATHS = NO;
				CLANG_ANALYZER_NONNULL = YES;
				CLANG_ANALYZER_NUMBER_OBJECT_CONVERSION = YES_AGGRESSIVE;
				CLANG_CXX_LANGUAGE_STANDARD = "gnu++14";
				CLANG_CXX_LIBRARY = "libc++";
				CLANG_ENABLE_MODULES = YES;
				CLANG_ENABLE_OBJC_ARC = YES;
				CLANG_ENABLE_OBJC_WEAK = YES;
				CLANG_WARN_BLOCK_CAPTURE_AUTORELEASING = YES;
				CLANG_WARN_BOOL_CONVERSION = YES;
				CLANG_WARN_COMMA = YES;
				CLANG_WARN_CONSTANT_CONVERSION = YES;
				CLANG_WARN_DEPRECATED_OBJC_IMPLEMENTATIONS = YES;
				CLANG_WARN_DIRECT_OBJC_ISA_USAGE = YES_ERROR;
				CLANG_WARN_DOCUMENTATION_COMMENTS = YES;
				CLANG_WARN_EMPTY_BODY = YES;
				CLANG_WARN_ENUM_CONVERSION = YES;
				CLANG_WARN_INFINITE_RECURSION = YES;
				CLANG_WARN_INT_CONVERSION = YES;
				CLANG_WARN_NON_LITERAL_NULL_CONVERSION = YES;
				CLANG_WARN_OBJC_IMPLICIT_RETAIN_SELF = YES;
				CLANG_WARN_OBJC_LITERAL_CONVERSION = YES;
				CLANG_WARN_OBJC_ROOT_CLASS = YES_ERROR;
				CLANG_WARN_QUOTED_INCLUDE_IN_FRAMEWORK_HEADER = YES;
				CLANG_WARN_RANGE_LOOP_ANALYSIS = YES;
				CLANG_WARN_STRICT_PROTOTYPES = YES;
				CLANG_WARN_SUSPICIOUS_MOVE = YES;
				CLANG_WARN_UNGUARDED_AVAILABILITY = YES_AGGRESSIVE;
				CLANG_WARN_UNREACHABLE_CODE = YES;
				CLANG_WARN__DUPLICATE_METHOD_MATCH = YES;
				COPY_PHASE_STRIP = NO;
				DEBUG_INFORMATION_FORMAT = "dwarf-with-dsym";
				ENABLE_NS_ASSERTIONS = NO;
				ENABLE_STRICT_OBJC_MSGSEND = YES;
				GCC_C_LANGUAGE_STANDARD = gnu11;
				GCC_NO_COMMON_BLOCKS = YES;
				GCC_WARN_64_TO_32_BIT_CONVERSION = YES;
				GCC_WARN_ABOUT_RETURN_TYPE = YES_ERROR;
				GCC_WARN_UNDECLARED_SELECTOR = YES;
				GCC_WARN_UNINITIALIZED_AUTOS = YES_AGGRESSIVE;
				GCC_WARN_UNUSED_FUNCTION = YES;
				GCC_WARN_UNUSED_VARIABLE = YES;
				IPHONEOS_DEPLOYMENT_TARGET = 14.0;
				MTL_ENABLE_DEBUG_INFO = NO;
				MTL_FAST_MATH = YES;
				SDKROOT = iphoneos;
				SWIFT_COMPILATION_MODE = wholemodule;
				SWIFT_OPTIMIZATION_LEVEL = "-O";
				VALIDATE_PRODUCT = YES;
			};
			name = Release;
		};
		F8D7FDD125386FE0008073C5 /* Debug */ = {
			isa = XCBuildConfiguration;
			buildSettings = {
				ASSETCATALOG_COMPILER_APPICON_NAME = AppIcon;
				ASSETCATALOG_COMPILER_GLOBAL_ACCENT_COLOR_NAME = AccentColor;
				CODE_SIGN_STYLE = Automatic;
				DEVELOPMENT_TEAM = D44BQW4PJB;
				INFOPLIST_FILE = "TaxTestClient/Supporting Files/Info.plist";
				LD_RUNPATH_SEARCH_PATHS = (
					"$(inherited)",
					"@executable_path/Frameworks",
				);
				PRODUCT_BUNDLE_IDENTIFIER = de.willybreitenbach.TaxTestClient;
				PRODUCT_NAME = "$(TARGET_NAME)";
				SWIFT_VERSION = 5.0;
				TARGETED_DEVICE_FAMILY = "1,2";
			};
			name = Debug;
		};
		F8D7FDD225386FE0008073C5 /* Release */ = {
			isa = XCBuildConfiguration;
			buildSettings = {
				ASSETCATALOG_COMPILER_APPICON_NAME = AppIcon;
				ASSETCATALOG_COMPILER_GLOBAL_ACCENT_COLOR_NAME = AccentColor;
				CODE_SIGN_STYLE = Automatic;
				DEVELOPMENT_TEAM = D44BQW4PJB;
				INFOPLIST_FILE = "TaxTestClient/Supporting Files/Info.plist";
				LD_RUNPATH_SEARCH_PATHS = (
					"$(inherited)",
					"@executable_path/Frameworks",
				);
				PRODUCT_BUNDLE_IDENTIFIER = de.willybreitenbach.TaxTestClient;
				PRODUCT_NAME = "$(TARGET_NAME)";
				SWIFT_VERSION = 5.0;
				TARGETED_DEVICE_FAMILY = "1,2";
			};
			name = Release;
		};
		F8D7FDD425386FE0008073C5 /* Debug */ = {
			isa = XCBuildConfiguration;
			buildSettings = {
				ALWAYS_EMBED_SWIFT_STANDARD_LIBRARIES = YES;
				BUNDLE_LOADER = "$(TEST_HOST)";
				CODE_SIGN_STYLE = Automatic;
				DEVELOPMENT_TEAM = D44BQW4PJB;
				INFOPLIST_FILE = TaxTestClientTests/Info.plist;
				IPHONEOS_DEPLOYMENT_TARGET = 14.0;
				LD_RUNPATH_SEARCH_PATHS = (
					"$(inherited)",
					"@executable_path/Frameworks",
					"@loader_path/Frameworks",
				);
				PRODUCT_BUNDLE_IDENTIFIER = de.willybreitenbach.TaxTestClientTests;
				PRODUCT_NAME = "$(TARGET_NAME)";
				SWIFT_VERSION = 5.0;
				TARGETED_DEVICE_FAMILY = "1,2";
				TEST_HOST = "$(BUILT_PRODUCTS_DIR)/TaxTestClient.app/TaxTestClient";
			};
			name = Debug;
		};
		F8D7FDD525386FE0008073C5 /* Release */ = {
			isa = XCBuildConfiguration;
			buildSettings = {
				ALWAYS_EMBED_SWIFT_STANDARD_LIBRARIES = YES;
				BUNDLE_LOADER = "$(TEST_HOST)";
				CODE_SIGN_STYLE = Automatic;
				DEVELOPMENT_TEAM = D44BQW4PJB;
				INFOPLIST_FILE = TaxTestClientTests/Info.plist;
				IPHONEOS_DEPLOYMENT_TARGET = 14.0;
				LD_RUNPATH_SEARCH_PATHS = (
					"$(inherited)",
					"@executable_path/Frameworks",
					"@loader_path/Frameworks",
				);
				PRODUCT_BUNDLE_IDENTIFIER = de.willybreitenbach.TaxTestClientTests;
				PRODUCT_NAME = "$(TARGET_NAME)";
				SWIFT_VERSION = 5.0;
				TARGETED_DEVICE_FAMILY = "1,2";
				TEST_HOST = "$(BUILT_PRODUCTS_DIR)/TaxTestClient.app/TaxTestClient";
			};
			name = Release;
		};
		F8D7FDD725386FE0008073C5 /* Debug */ = {
			isa = XCBuildConfiguration;
			buildSettings = {
				ALWAYS_EMBED_SWIFT_STANDARD_LIBRARIES = YES;
				CODE_SIGN_STYLE = Automatic;
				DEVELOPMENT_TEAM = D44BQW4PJB;
				INFOPLIST_FILE = TaxTestClientUITests/Info.plist;
				LD_RUNPATH_SEARCH_PATHS = (
					"$(inherited)",
					"@executable_path/Frameworks",
					"@loader_path/Frameworks",
				);
				PRODUCT_BUNDLE_IDENTIFIER = de.willybreitenbach.TaxTestClientUITests;
				PRODUCT_NAME = "$(TARGET_NAME)";
				SWIFT_VERSION = 5.0;
				TARGETED_DEVICE_FAMILY = "1,2";
				TEST_TARGET_NAME = TaxTestClient;
			};
			name = Debug;
		};
		F8D7FDD825386FE0008073C5 /* Release */ = {
			isa = XCBuildConfiguration;
			buildSettings = {
				ALWAYS_EMBED_SWIFT_STANDARD_LIBRARIES = YES;
				CODE_SIGN_STYLE = Automatic;
				DEVELOPMENT_TEAM = D44BQW4PJB;
				INFOPLIST_FILE = TaxTestClientUITests/Info.plist;
				LD_RUNPATH_SEARCH_PATHS = (
					"$(inherited)",
					"@executable_path/Frameworks",
					"@loader_path/Frameworks",
				);
				PRODUCT_BUNDLE_IDENTIFIER = de.willybreitenbach.TaxTestClientUITests;
				PRODUCT_NAME = "$(TARGET_NAME)";
				SWIFT_VERSION = 5.0;
				TARGETED_DEVICE_FAMILY = "1,2";
				TEST_TARGET_NAME = TaxTestClient;
			};
			name = Release;
		};
/* End XCBuildConfiguration section */

/* Begin XCConfigurationList section */
		F8D7FDA125386FDE008073C5 /* Build configuration list for PBXProject "TaxTestClient" */ = {
			isa = XCConfigurationList;
			buildConfigurations = (
				F8D7FDCE25386FE0008073C5 /* Debug */,
				F8D7FDCF25386FE0008073C5 /* Release */,
			);
			defaultConfigurationIsVisible = 0;
			defaultConfigurationName = Release;
		};
		F8D7FDD025386FE0008073C5 /* Build configuration list for PBXNativeTarget "TaxTestClient" */ = {
			isa = XCConfigurationList;
			buildConfigurations = (
				F8D7FDD125386FE0008073C5 /* Debug */,
				F8D7FDD225386FE0008073C5 /* Release */,
			);
			defaultConfigurationIsVisible = 0;
			defaultConfigurationName = Release;
		};
		F8D7FDD325386FE0008073C5 /* Build configuration list for PBXNativeTarget "TaxTestClientTests" */ = {
			isa = XCConfigurationList;
			buildConfigurations = (
				F8D7FDD425386FE0008073C5 /* Debug */,
				F8D7FDD525386FE0008073C5 /* Release */,
			);
			defaultConfigurationIsVisible = 0;
			defaultConfigurationName = Release;
		};
		F8D7FDD625386FE0008073C5 /* Build configuration list for PBXNativeTarget "TaxTestClientUITests" */ = {
			isa = XCConfigurationList;
			buildConfigurations = (
				F8D7FDD725386FE0008073C5 /* Debug */,
				F8D7FDD825386FE0008073C5 /* Release */,
			);
			defaultConfigurationIsVisible = 0;
			defaultConfigurationName = Release;
		};
/* End XCConfigurationList section */
	};
	rootObject = F8D7FD9E25386FDE008073C5 /* Project object */;
}
